// !$*UTF8*$!
{
	archiveVersion = 1;
	classes = {
	};
	objectVersion = 46;
	objects = {

/* Begin PBXBuildFile section */
		1D3841321AE464CF00E29ADE /* main.c in Sources */ = {isa = PBXBuildFile; fileRef = 1D3841311AE464CF00E29ADE /* main.c */; };
		1D38413B1AE4669A00E29ADE /* parseArguments.c in Sources */ = {isa = PBXBuildFile; fileRef = 1D3841391AE4669A00E29ADE /* parseArguments.c */; };
		1D38413E1AE4678500E29ADE /* utils.c in Sources */ = {isa = PBXBuildFile; fileRef = 1D38413C1AE4678500E29ADE /* utils.c */; };
		1D3841421AE467D400E29ADE /* stack.c in Sources */ = {isa = PBXBuildFile; fileRef = 1D3841401AE467D400E29ADE /* stack.c */; };
		1D3841461AE4696C00E29ADE /* hexString.c in Sources */ = {isa = PBXBuildFile; fileRef = 1D3841441AE4696C00E29ADE /* hexString.c */; };
		1D38414B1AE478B700E29ADE /* arithmeticLogic.c in Sources */ = {isa = PBXBuildFile; fileRef = 1D3841491AE478B700E29ADE /* arithmeticLogic.c */; };
/* End PBXBuildFile section */

/* Begin PBXCopyFilesBuildPhase section */
		1D38412C1AE464CE00E29ADE /* CopyFiles */ = {
			isa = PBXCopyFilesBuildPhase;
			buildActionMask = 2147483647;
			dstPath = /usr/share/man/man1/;
			dstSubfolderSpec = 0;
			files = (
			);
			runOnlyForDeploymentPostprocessing = 1;
		};
/* End PBXCopyFilesBuildPhase section */

/* Begin PBXFileReference section */
		1D38412E1AE464CF00E29ADE /* y86vm */ = {isa = PBXFileReference; explicitFileType = "compiled.mach-o.executable"; includeInIndex = 0; path = y86vm; sourceTree = BUILT_PRODUCTS_DIR; };
		1D3841311AE464CF00E29ADE /* main.c */ = {isa = PBXFileReference; lastKnownFileType = sourcecode.c.c; path = main.c; sourceTree = "<group>"; };
		1D3841381AE465F100E29ADE /* environment.h */ = {isa = PBXFileReference; fileEncoding = 4; lastKnownFileType = sourcecode.c.h; path = environment.h; sourceTree = "<group>"; };
		1D3841391AE4669A00E29ADE /* parseArguments.c */ = {isa = PBXFileReference; fileEncoding = 4; lastKnownFileType = sourcecode.c.c; path = parseArguments.c; sourceTree = "<group>"; };
		1D38413A1AE4669A00E29ADE /* parseArguments.h */ = {isa = PBXFileReference; fileEncoding = 4; lastKnownFileType = sourcecode.c.h; path = parseArguments.h; sourceTree = "<group>"; };
		1D38413C1AE4678500E29ADE /* utils.c */ = {isa = PBXFileReference; fileEncoding = 4; lastKnownFileType = sourcecode.c.c; path = utils.c; sourceTree = "<group>"; };
		1D38413D1AE4678500E29ADE /* utils.h */ = {isa = PBXFileReference; fileEncoding = 4; lastKnownFileType = sourcecode.c.h; path = utils.h; sourceTree = "<group>"; };
		1D3841401AE467D400E29ADE /* stack.c */ = {isa = PBXFileReference; fileEncoding = 4; lastKnownFileType = sourcecode.c.c; path = stack.c; sourceTree = "<group>"; };
		1D3841411AE467D400E29ADE /* stack.h */ = {isa = PBXFileReference; fileEncoding = 4; lastKnownFileType = sourcecode.c.h; path = stack.h; sourceTree = "<group>"; };
		1D3841441AE4696C00E29ADE /* hexString.c */ = {isa = PBXFileReference; fileEncoding = 4; lastKnownFileType = sourcecode.c.c; path = hexString.c; sourceTree = "<group>"; };
		1D3841451AE4696C00E29ADE /* hexString.h */ = {isa = PBXFileReference; fileEncoding = 4; lastKnownFileType = sourcecode.c.h; path = hexString.h; sourceTree = "<group>"; };
		1D3841481AE470FB00E29ADE /* example.yo */ = {isa = PBXFileReference; lastKnownFileType = text; path = example.yo; sourceTree = "<group>"; };
		1D3841491AE478B700E29ADE /* arithmeticLogic.c */ = {isa = PBXFileReference; fileEncoding = 4; lastKnownFileType = sourcecode.c.c; path = arithmeticLogic.c; sourceTree = "<group>"; };
		1D38414A1AE478B700E29ADE /* arithmeticLogic.h */ = {isa = PBXFileReference; fileEncoding = 4; lastKnownFileType = sourcecode.c.h; path = arithmeticLogic.h; sourceTree = "<group>"; };
/* End PBXFileReference section */

/* Begin PBXFrameworksBuildPhase section */
		1D38412B1AE464CE00E29ADE /* Frameworks */ = {
			isa = PBXFrameworksBuildPhase;
			buildActionMask = 2147483647;
			files = (
			);
			runOnlyForDeploymentPostprocessing = 0;
		};
/* End PBXFrameworksBuildPhase section */

/* Begin PBXGroup section */
		1D3841251AE464CE00E29ADE = {
			isa = PBXGroup;
			children = (
				1D3841481AE470FB00E29ADE /* example.yo */,
				1D3841301AE464CF00E29ADE /* y86vm */,
				1D38412F1AE464CF00E29ADE /* Products */,
			);
			sourceTree = "<group>";
		};
		1D38412F1AE464CF00E29ADE /* Products */ = {
			isa = PBXGroup;
			children = (
				1D38412E1AE464CF00E29ADE /* y86vm */,
			);
			name = Products;
			sourceTree = "<group>";
		};
		1D3841301AE464CF00E29ADE /* y86vm */ = {
			isa = PBXGroup;
			children = (
				1D3841431AE4694600E29ADE /* foreign */,
				1D38413F1AE467BC00E29ADE /* instructions */,
				1D3841311AE464CF00E29ADE /* main.c */,
				1D3841381AE465F100E29ADE /* environment.h */,
				1D3841391AE4669A00E29ADE /* parseArguments.c */,
				1D38413A1AE4669A00E29ADE /* parseArguments.h */,
				1D38413C1AE4678500E29ADE /* utils.c */,
				1D38413D1AE4678500E29ADE /* utils.h */,
			);
			path = y86vm;
			sourceTree = "<group>";
		};
		1D38413F1AE467BC00E29ADE /* instructions */ = {
			isa = PBXGroup;
			children = (
				1D3841401AE467D400E29ADE /* stack.c */,
				1D3841411AE467D400E29ADE /* stack.h */,
				1D3841491AE478B700E29ADE /* arithmeticLogic.c */,
				1D38414A1AE478B700E29ADE /* arithmeticLogic.h */,
			);
			name = instructions;
			sourceTree = "<group>";
		};
		1D3841431AE4694600E29ADE /* foreign */ = {
			isa = PBXGroup;
			children = (
				1D3841441AE4696C00E29ADE /* hexString.c */,
				1D3841451AE4696C00E29ADE /* hexString.h */,
			);
			name = foreign;
			sourceTree = "<group>";
		};
/* End PBXGroup section */

/* Begin PBXNativeTarget section */
		1D38412D1AE464CE00E29ADE /* y86vm */ = {
			isa = PBXNativeTarget;
			buildConfigurationList = 1D3841351AE464CF00E29ADE /* Build configuration list for PBXNativeTarget "y86vm" */;
			buildPhases = (
				1D38412A1AE464CE00E29ADE /* Sources */,
				1D38412B1AE464CE00E29ADE /* Frameworks */,
				1D38412C1AE464CE00E29ADE /* CopyFiles */,
			);
			buildRules = (
			);
			dependencies = (
			);
			name = y86vm;
			productName = y86vm;
			productReference = 1D38412E1AE464CF00E29ADE /* y86vm */;
			productType = "com.apple.product-type.tool";
		};
/* End PBXNativeTarget section */

/* Begin PBXProject section */
		1D3841261AE464CE00E29ADE /* Project object */ = {
			isa = PBXProject;
			attributes = {
				LastUpgradeCheck = 0630;
				ORGANIZATIONNAME = "Code From Above, LLC";
				TargetAttributes = {
					1D38412D1AE464CE00E29ADE = {
						CreatedOnToolsVersion = 6.3;
					};
				};
			};
			buildConfigurationList = 1D3841291AE464CE00E29ADE /* Build configuration list for PBXProject "y86vm" */;
			compatibilityVersion = "Xcode 3.2";
			developmentRegion = English;
			hasScannedForEncodings = 0;
			knownRegions = (
				en,
			);
			mainGroup = 1D3841251AE464CE00E29ADE;
			productRefGroup = 1D38412F1AE464CF00E29ADE /* Products */;
			projectDirPath = "";
			projectRoot = "";
			targets = (
				1D38412D1AE464CE00E29ADE /* y86vm */,
			);
		};
/* End PBXProject section */

/* Begin PBXSourcesBuildPhase section */
		1D38412A1AE464CE00E29ADE /* Sources */ = {
			isa = PBXSourcesBuildPhase;
			buildActionMask = 2147483647;
			files = (
				1D38413E1AE4678500E29ADE /* utils.c in Sources */,
				1D3841461AE4696C00E29ADE /* hexString.c in Sources */,
				1D38414B1AE478B700E29ADE /* arithmeticLogic.c in Sources */,
				1D38413B1AE4669A00E29ADE /* parseArguments.c in Sources */,
				1D3841421AE467D400E29ADE /* stack.c in Sources */,
				1D3841321AE464CF00E29ADE /* main.c in Sources */,
			);
			runOnlyForDeploymentPostprocessing = 0;
		};
/* End PBXSourcesBuildPhase section */

/* Begin XCBuildConfiguration section */
		1D3841331AE464CF00E29ADE /* Debug */ = {
			isa = XCBuildConfiguration;
			buildSettings = {
				ALWAYS_SEARCH_USER_PATHS = NO;
				CLANG_CXX_LANGUAGE_STANDARD = "gnu++0x";
				CLANG_CXX_LIBRARY = "libc++";
				CLANG_ENABLE_MODULES = YES;
				CLANG_ENABLE_OBJC_ARC = YES;
				CLANG_WARN_BOOL_CONVERSION = YES;
				CLANG_WARN_CONSTANT_CONVERSION = YES;
				CLANG_WARN_DIRECT_OBJC_ISA_USAGE = YES_ERROR;
				CLANG_WARN_EMPTY_BODY = YES;
				CLANG_WARN_ENUM_CONVERSION = YES;
				CLANG_WARN_INT_CONVERSION = YES;
				CLANG_WARN_OBJC_ROOT_CLASS = YES_ERROR;
				CLANG_WARN_UNREACHABLE_CODE = YES;
				CLANG_WARN__DUPLICATE_METHOD_MATCH = YES;
				COPY_PHASE_STRIP = NO;
				DEBUG_INFORMATION_FORMAT = dwarf;
				ENABLE_STRICT_OBJC_MSGSEND = YES;
				GCC_C_LANGUAGE_STANDARD = gnu99;
				GCC_DYNAMIC_NO_PIC = NO;
				GCC_NO_COMMON_BLOCKS = YES;
				GCC_OPTIMIZATION_LEVEL = 0;
				GCC_PREPROCESSOR_DEFINITIONS = (
					"DEBUG=1",
					"$(inherited)",
				);
				GCC_SYMBOLS_PRIVATE_EXTERN = NO;
				GCC_WARN_64_TO_32_BIT_CONVERSION = YES;
				GCC_WARN_ABOUT_RETURN_TYPE = YES_ERROR;
				GCC_WARN_UNDECLARED_SELECTOR = YES;
				GCC_WARN_UNINITIALIZED_AUTOS = YES_AGGRESSIVE;
				GCC_WARN_UNUSED_FUNCTION = YES;
				GCC_WARN_UNUSED_VARIABLE = YES;
				MACOSX_DEPLOYMENT_TARGET = 10.10;
				MTL_ENABLE_DEBUG_INFO = YES;
				ONLY_ACTIVE_ARCH = YES;
				SDKROOT = macosx;
			};
			name = Debug;
		};
		1D3841341AE464CF00E29ADE /* Release */ = {
			isa = XCBuildConfiguration;
			buildSettings = {
				ALWAYS_SEARCH_USER_PATHS = NO;
				CLANG_CXX_LANGUAGE_STANDARD = "gnu++0x";
				CLANG_CXX_LIBRARY = "libc++";
				CLANG_ENABLE_MODULES = YES;
				CLANG_ENABLE_OBJC_ARC = YES;
				CLANG_WARN_BOOL_CONVERSION = YES;
				CLANG_WARN_CONSTANT_CONVERSION = YES;
				CLANG_WARN_DIRECT_OBJC_ISA_USAGE = YES_ERROR;
				CLANG_WARN_EMPTY_BODY = YES;
				CLANG_WARN_ENUM_CONVERSION = YES;
				CLANG_WARN_INT_CONVERSION = YES;
				CLANG_WARN_OBJC_ROOT_CLASS = YES_ERROR;
				CLANG_WARN_UNREACHABLE_CODE = YES;
				CLANG_WARN__DUPLICATE_METHOD_MATCH = YES;
				COPY_PHASE_STRIP = NO;
				DEBUG_INFORMATION_FORMAT = "dwarf-with-dsym";
				ENABLE_NS_ASSERTIONS = NO;
				ENABLE_STRICT_OBJC_MSGSEND = YES;
				GCC_C_LANGUAGE_STANDARD = gnu99;
				GCC_NO_COMMON_BLOCKS = YES;
				GCC_WARN_64_TO_32_BIT_CONVERSION = YES;
				GCC_WARN_ABOUT_RETURN_TYPE = YES_ERROR;
				GCC_WARN_UNDECLARED_SELECTOR = YES;
				GCC_WARN_UNINITIALIZED_AUTOS = YES_AGGRESSIVE;
				GCC_WARN_UNUSED_FUNCTION = YES;
				GCC_WARN_UNUSED_VARIABLE = YES;
				MACOSX_DEPLOYMENT_TARGET = 10.10;
				MTL_ENABLE_DEBUG_INFO = NO;
				SDKROOT = macosx;
			};
			name = Release;
		};
		1D3841361AE464CF00E29ADE /* Debug */ = {
			isa = XCBuildConfiguration;
			buildSettings = {
				PRODUCT_NAME = "$(TARGET_NAME)";
			};
			name = Debug;
		};
		1D3841371AE464CF00E29ADE /* Release */ = {
			isa = XCBuildConfiguration;
			buildSettings = {
				PRODUCT_NAME = "$(TARGET_NAME)";
			};
			name = Release;
		};
/* End XCBuildConfiguration section */

/* Begin XCConfigurationList section */
		1D3841291AE464CE00E29ADE /* Build configuration list for PBXProject "y86vm" */ = {
			isa = XCConfigurationList;
			buildConfigurations = (
				1D3841331AE464CF00E29ADE /* Debug */,
				1D3841341AE464CF00E29ADE /* Release */,
			);
			defaultConfigurationIsVisible = 0;
			defaultConfigurationName = Release;
		};
		1D3841351AE464CF00E29ADE /* Build configuration list for PBXNativeTarget "y86vm" */ = {
			isa = XCConfigurationList;
			buildConfigurations = (
				1D3841361AE464CF00E29ADE /* Debug */,
				1D3841371AE464CF00E29ADE /* Release */,
			);
			defaultConfigurationIsVisible = 0;
		};
/* End XCConfigurationList section */
	};
	rootObject = 1D3841261AE464CE00E29ADE /* Project object */;
}
